lockfileVersion: '9.0'

settings:
  autoInstallPeers: true
  excludeLinksFromLockfile: false

importers:

  .:
    dependencies:
      commander:
        specifier: ^11.0.0
        version: 11.1.0
      csv-parse:
        specifier: ^5.5.0
        version: 5.6.0
      csv-stringify:
        specifier: ^6.4.0
        version: 6.6.0
    devDependencies:
      '@types/node':
        specifier: ^20.0.0
        version: 20.19.30
      typescript:
        specifier: ^5.0.0
        version: 5.9.3

packages:

  '@types/node@20.19.30':
    resolution: {integrity: sha512-WJtwWJu7UdlvzEAUm484QNg5eAoq5QR08KDNx7g45Usrs2NtOPiX8ugDqmKdXkyL03rBqU5dYNYVQetEpBHq2g==}

  commander@11.1.0:
    resolution: {integrity: sha512-yPVavfyCcRhmorC7rWlkHn15b4wDVgVmBA7kV4QVBsF7kv/9TKJAbAXVTxvTnwP8HHKjRCJDClKbciiYS7p0DQ==}
    engines: {node: '>=16'}

  csv-parse@5.6.0:
    resolution: {integrity: sha512-l3nz3euub2QMg5ouu5U09Ew9Wf6/wQ8I++ch1loQ0ljmzhmfZYrH9fflS22i/PQEvsPvxCwxgz5q7UB8K1JO4Q==}

  csv-stringify@6.6.0:
    resolution: {integrity: sha512-YW32lKOmIBgbxtu3g5SaiqWNwa/9ISQt2EcgOq0+RAIFufFp9is6tqNnKahqE5kuKvrnYAzs28r+s6pXJR8Vcw==}

  typescript@5.9.3:
    resolution: {integrity: sha512-jl1vZzPDinLr9eUt3J/t7V6FgNEw9QjvBPdysz9KfQDD41fQrC2Y4vKQdiaUpFT4bXlb1RHhLpp8wtm6M5TgSw==}
    engines: {node: '>=14.17'}
    hasBin: true

  undici-types@6.21.0:
    resolution: {integrity: sha512-iwDZqg0QAGrg9Rav5H4n0M64c3mkR59cJ6wQp+7C4nI0gsmExaedaYLNO44eT4AtBBwjbTiGPMlt2Md0T9H9JQ==}

snapshots:

  '@types/node@20.19.30':
    dependencies:
      undici-types: 6.21.0

  commander@11.1.0: {}

  csv-parse@5.6.0: {}

  csv-stringify@6.6.0: {}

  typescript@5.9.3: {}

  undici-types@6.21.0: {}
